
Microsoft Visual Studio Solution File, Format Version 12.00
# Visual Studio 15
VisualStudioVersion = 15.0.28307.645
MinimumVisualStudioVersion = 10.0.40219.1
Project("{FAE04EC0-301F-11D3-BF4B-00C04F79EFBC}") = "CourseWork", "CourseWork\CourseWork.csproj", "{19C582C7-8825-47C3-9741-B062F558427A}"
EndProject
Global
	GlobalSection(SolutionConfigurationPlatforms) = preSolution
		Debug|Any CPU = Debug|Any CPU
		Release|Any CPU = Release|Any CPU
	EndGlobalSection
	GlobalSection(ProjectConfigurationPlatforms) = postSolution
		{19C582C7-8825-47C3-9741-B062F558427A}.Debug|Any CPU.ActiveCfg = Debug|Any CPU
		{19C582C7-8825-47C3-9741-B062F558427A}.Debug|Any CPU.Build.0 = Debug|Any CPU
		{19C582C7-8825-47C3-9741-B062F558427A}.Release|Any CPU.ActiveCfg = Release|Any CPU
		{19C582C7-8825-47C3-9741-B062F558427A}.Release|Any CPU.Build.0 = Release|Any CPU
	EndGlobalSection
	GlobalSection(SolutionProperties) = preSolution
		HideSolutionNode = FALSE
	EndGlobalSection
	GlobalSection(ExtensibilityGlobals) = postSolution
		SolutionGuid = {92ACAA01-BE9D-486A-BA26-AD62CF2EFEB9}
	EndGlobalSection
EndGlobal
